// !$*UTF8*$!
{
	archiveVersion = 1;
	classes = {
	};
	objectVersion = 50;
	objects = {

/* Begin PBXBuildFile section */
		28BE7CE722541D0900C4DCE9 /* AppDelegate.swift in Sources */ = {isa = PBXBuildFile; fileRef = 28BE7CE622541D0900C4DCE9 /* AppDelegate.swift */; };
		28BE7CE922541D0900C4DCE9 /* ViewController.swift in Sources */ = {isa = PBXBuildFile; fileRef = 28BE7CE822541D0900C4DCE9 /* ViewController.swift */; };
		28BE7CEC22541D0900C4DCE9 /* Main.storyboard in Resources */ = {isa = PBXBuildFile; fileRef = 28BE7CEA22541D0900C4DCE9 /* Main.storyboard */; };
		28BE7CEF22541D0900C4DCE9 /* ValetStorage.xcdatamodeld in Sources */ = {isa = PBXBuildFile; fileRef = 28BE7CED22541D0900C4DCE9 /* ValetStorage.xcdatamodeld */; };
		28BE7CF122541D0A00C4DCE9 /* Assets.xcassets in Resources */ = {isa = PBXBuildFile; fileRef = 28BE7CF022541D0A00C4DCE9 /* Assets.xcassets */; };
		28BE7CF422541D0A00C4DCE9 /* LaunchScreen.storyboard in Resources */ = {isa = PBXBuildFile; fileRef = 28BE7CF222541D0A00C4DCE9 /* LaunchScreen.storyboard */; };
		28BE7CFF22541D0A00C4DCE9 /* ValetStorageTests.swift in Sources */ = {isa = PBXBuildFile; fileRef = 28BE7CFE22541D0A00C4DCE9 /* ValetStorageTests.swift */; };
		28BE7D0A22541D0A00C4DCE9 /* ValetStorageUITests.swift in Sources */ = {isa = PBXBuildFile; fileRef = 28BE7D0922541D0A00C4DCE9 /* ValetStorageUITests.swift */; };
/* End PBXBuildFile section */

/* Begin PBXContainerItemProxy section */
		28BE7CFB22541D0A00C4DCE9 /* PBXContainerItemProxy */ = {
			isa = PBXContainerItemProxy;
			containerPortal = 28BE7CDB22541D0900C4DCE9 /* Project object */;
			proxyType = 1;
			remoteGlobalIDString = 28BE7CE222541D0900C4DCE9;
			remoteInfo = ValetStorage;
		};
		28BE7D0622541D0A00C4DCE9 /* PBXContainerItemProxy */ = {
			isa = PBXContainerItemProxy;
			containerPortal = 28BE7CDB22541D0900C4DCE9 /* Project object */;
			proxyType = 1;
			remoteGlobalIDString = 28BE7CE222541D0900C4DCE9;
			remoteInfo = ValetStorage;
		};
/* End PBXContainerItemProxy section */

/* Begin PBXFileReference section */
		28BE7CE322541D0900C4DCE9 /* ValetStorage.app */ = {isa = PBXFileReference; explicitFileType = wrapper.application; includeInIndex = 0; path = ValetStorage.app; sourceTree = BUILT_PRODUCTS_DIR; };
		28BE7CE622541D0900C4DCE9 /* AppDelegate.swift */ = {isa = PBXFileReference; lastKnownFileType = sourcecode.swift; path = AppDelegate.swift; sourceTree = "<group>"; };
		28BE7CE822541D0900C4DCE9 /* ViewController.swift */ = {isa = PBXFileReference; lastKnownFileType = sourcecode.swift; path = ViewController.swift; sourceTree = "<group>"; };
		28BE7CEB22541D0900C4DCE9 /* Base */ = {isa = PBXFileReference; lastKnownFileType = file.storyboard; name = Base; path = Base.lproj/Main.storyboard; sourceTree = "<group>"; };
		28BE7CEE22541D0900C4DCE9 /* ValetStorage.xcdatamodel */ = {isa = PBXFileReference; lastKnownFileType = wrapper.xcdatamodel; path = ValetStorage.xcdatamodel; sourceTree = "<group>"; };
		28BE7CF022541D0A00C4DCE9 /* Assets.xcassets */ = {isa = PBXFileReference; lastKnownFileType = folder.assetcatalog; path = Assets.xcassets; sourceTree = "<group>"; };
		28BE7CF322541D0A00C4DCE9 /* Base */ = {isa = PBXFileReference; lastKnownFileType = file.storyboard; name = Base; path = Base.lproj/LaunchScreen.storyboard; sourceTree = "<group>"; };
		28BE7CF522541D0A00C4DCE9 /* Info.plist */ = {isa = PBXFileReference; lastKnownFileType = text.plist.xml; path = Info.plist; sourceTree = "<group>"; };
		28BE7CFA22541D0A00C4DCE9 /* ValetStorageTests.xctest */ = {isa = PBXFileReference; explicitFileType = wrapper.cfbundle; includeInIndex = 0; path = ValetStorageTests.xctest; sourceTree = BUILT_PRODUCTS_DIR; };
		28BE7CFE22541D0A00C4DCE9 /* ValetStorageTests.swift */ = {isa = PBXFileReference; lastKnownFileType = sourcecode.swift; path = ValetStorageTests.swift; sourceTree = "<group>"; };
		28BE7D0022541D0A00C4DCE9 /* Info.plist */ = {isa = PBXFileReference; lastKnownFileType = text.plist.xml; path = Info.plist; sourceTree = "<group>"; };
		28BE7D0522541D0A00C4DCE9 /* ValetStorageUITests.xctest */ = {isa = PBXFileReference; explicitFileType = wrapper.cfbundle; includeInIndex = 0; path = ValetStorageUITests.xctest; sourceTree = BUILT_PRODUCTS_DIR; };
		28BE7D0922541D0A00C4DCE9 /* ValetStorageUITests.swift */ = {isa = PBXFileReference; lastKnownFileType = sourcecode.swift; path = ValetStorageUITests.swift; sourceTree = "<group>"; };
		28BE7D0B22541D0A00C4DCE9 /* Info.plist */ = {isa = PBXFileReference; lastKnownFileType = text.plist.xml; path = Info.plist; sourceTree = "<group>"; };
/* End PBXFileReference section */

/* Begin PBXFrameworksBuildPhase section */
		28BE7CE022541D0900C4DCE9 /* Frameworks */ = {
			isa = PBXFrameworksBuildPhase;
			buildActionMask = 2147483647;
			files = (
			);
			runOnlyForDeploymentPostprocessing = 0;
		};
		28BE7CF722541D0A00C4DCE9 /* Frameworks */ = {
			isa = PBXFrameworksBuildPhase;
			buildActionMask = 2147483647;
			files = (
			);
			runOnlyForDeploymentPostprocessing = 0;
		};
		28BE7D0222541D0A00C4DCE9 /* Frameworks */ = {
			isa = PBXFrameworksBuildPhase;
			buildActionMask = 2147483647;
			files = (
			);
			runOnlyForDeploymentPostprocessing = 0;
		};
/* End PBXFrameworksBuildPhase section */

/* Begin PBXGroup section */
		28BE7CDA22541D0900C4DCE9 = {
			isa = PBXGroup;
			children = (
				28BE7CE522541D0900C4DCE9 /* ValetStorage */,
				28BE7CFD22541D0A00C4DCE9 /* ValetStorageTests */,
				28BE7D0822541D0A00C4DCE9 /* ValetStorageUITests */,
				28BE7CE422541D0900C4DCE9 /* Products */,
			);
			sourceTree = "<group>";
		};
		28BE7CE422541D0900C4DCE9 /* Products */ = {
			isa = PBXGroup;
			children = (
				28BE7CE322541D0900C4DCE9 /* ValetStorage.app */,
				28BE7CFA22541D0A00C4DCE9 /* ValetStorageTests.xctest */,
				28BE7D0522541D0A00C4DCE9 /* ValetStorageUITests.xctest */,
			);
			name = Products;
			sourceTree = "<group>";
		};
		28BE7CE522541D0900C4DCE9 /* ValetStorage */ = {
			isa = PBXGroup;
			children = (
				28BE7CE622541D0900C4DCE9 /* AppDelegate.swift */,
				28BE7CE822541D0900C4DCE9 /* ViewController.swift */,
				28BE7CEA22541D0900C4DCE9 /* Main.storyboard */,
				28BE7CF022541D0A00C4DCE9 /* Assets.xcassets */,
				28BE7CF222541D0A00C4DCE9 /* LaunchScreen.storyboard */,
				28BE7CF522541D0A00C4DCE9 /* Info.plist */,
				28BE7CED22541D0900C4DCE9 /* ValetStorage.xcdatamodeld */,
			);
			path = ValetStorage;
			sourceTree = "<group>";
		};
		28BE7CFD22541D0A00C4DCE9 /* ValetStorageTests */ = {
			isa = PBXGroup;
			children = (
				28BE7CFE22541D0A00C4DCE9 /* ValetStorageTests.swift */,
				28BE7D0022541D0A00C4DCE9 /* Info.plist */,
			);
			path = ValetStorageTests;
			sourceTree = "<group>";
		};
		28BE7D0822541D0A00C4DCE9 /* ValetStorageUITests */ = {
			isa = PBXGroup;
			children = (
				28BE7D0922541D0A00C4DCE9 /* ValetStorageUITests.swift */,
				28BE7D0B22541D0A00C4DCE9 /* Info.plist */,
			);
			path = ValetStorageUITests;
			sourceTree = "<group>";
		};
/* End PBXGroup section */

/* Begin PBXNativeTarget section */
		28BE7CE222541D0900C4DCE9 /* ValetStorage */ = {
			isa = PBXNativeTarget;
			buildConfigurationList = 28BE7D0E22541D0A00C4DCE9 /* Build configuration list for PBXNativeTarget "ValetStorage" */;
			buildPhases = (
				28BE7CDF22541D0900C4DCE9 /* Sources */,
				28BE7CE022541D0900C4DCE9 /* Frameworks */,
				28BE7CE122541D0900C4DCE9 /* Resources */,
			);
			buildRules = (
			);
			dependencies = (
			);
			name = ValetStorage;
			productName = ValetStorage;
			productReference = 28BE7CE322541D0900C4DCE9 /* ValetStorage.app */;
			productType = "com.apple.product-type.application";
		};
		28BE7CF922541D0A00C4DCE9 /* ValetStorageTests */ = {
			isa = PBXNativeTarget;
			buildConfigurationList = 28BE7D1122541D0A00C4DCE9 /* Build configuration list for PBXNativeTarget "ValetStorageTests" */;
			buildPhases = (
				28BE7CF622541D0A00C4DCE9 /* Sources */,
				28BE7CF722541D0A00C4DCE9 /* Frameworks */,
				28BE7CF822541D0A00C4DCE9 /* Resources */,
			);
			buildRules = (
			);
			dependencies = (
				28BE7CFC22541D0A00C4DCE9 /* PBXTargetDependency */,
			);
			name = ValetStorageTests;
			productName = ValetStorageTests;
			productReference = 28BE7CFA22541D0A00C4DCE9 /* ValetStorageTests.xctest */;
			productType = "com.apple.product-type.bundle.unit-test";
		};
		28BE7D0422541D0A00C4DCE9 /* ValetStorageUITests */ = {
			isa = PBXNativeTarget;
			buildConfigurationList = 28BE7D1422541D0A00C4DCE9 /* Build configuration list for PBXNativeTarget "ValetStorageUITests" */;
			buildPhases = (
				28BE7D0122541D0A00C4DCE9 /* Sources */,
				28BE7D0222541D0A00C4DCE9 /* Frameworks */,
				28BE7D0322541D0A00C4DCE9 /* Resources */,
			);
			buildRules = (
			);
			dependencies = (
				28BE7D0722541D0A00C4DCE9 /* PBXTargetDependency */,
			);
			name = ValetStorageUITests;
			productName = ValetStorageUITests;
			productReference = 28BE7D0522541D0A00C4DCE9 /* ValetStorageUITests.xctest */;
			productType = "com.apple.product-type.bundle.ui-testing";
		};
/* End PBXNativeTarget section */

/* Begin PBXProject section */
		28BE7CDB22541D0900C4DCE9 /* Project object */ = {
			isa = PBXProject;
			attributes = {
				LastSwiftUpdateCheck = 0940;
				LastUpgradeCheck = 0940;
				ORGANIZATIONNAME = Team7MIS374;
				TargetAttributes = {
					28BE7CE222541D0900C4DCE9 = {
						CreatedOnToolsVersion = 9.4.1;
					};
					28BE7CF922541D0A00C4DCE9 = {
						CreatedOnToolsVersion = 9.4.1;
						TestTargetID = 28BE7CE222541D0900C4DCE9;
					};
					28BE7D0422541D0A00C4DCE9 = {
						CreatedOnToolsVersion = 9.4.1;
						TestTargetID = 28BE7CE222541D0900C4DCE9;
					};
				};
			};
			buildConfigurationList = 28BE7CDE22541D0900C4DCE9 /* Build configuration list for PBXProject "ValetStorage" */;
			compatibilityVersion = "Xcode 9.3";
			developmentRegion = en;
			hasScannedForEncodings = 0;
			knownRegions = (
				en,
				Base,
			);
			mainGroup = 28BE7CDA22541D0900C4DCE9;
			productRefGroup = 28BE7CE422541D0900C4DCE9 /* Products */;
			projectDirPath = "";
			projectRoot = "";
			targets = (
				28BE7CE222541D0900C4DCE9 /* ValetStorage */,
				28BE7CF922541D0A00C4DCE9 /* ValetStorageTests */,
				28BE7D0422541D0A00C4DCE9 /* ValetStorageUITests */,
			);
		};
/* End PBXProject section */

/* Begin PBXResourcesBuildPhase section */
		28BE7CE122541D0900C4DCE9 /* Resources */ = {
			isa = PBXResourcesBuildPhase;
			buildActionMask = 2147483647;
			files = (
				28BE7CF422541D0A00C4DCE9 /* LaunchScreen.storyboard in Resources */,
				28BE7CF122541D0A00C4DCE9 /* Assets.xcassets in Resources */,
				28BE7CEC22541D0900C4DCE9 /* Main.storyboard in Resources */,
			);
			runOnlyForDeploymentPostprocessing = 0;
		};
		28BE7CF822541D0A00C4DCE9 /* Resources */ = {
			isa = PBXResourcesBuildPhase;
			buildActionMask = 2147483647;
			files = (
			);
			runOnlyForDeploymentPostprocessing = 0;
		};
		28BE7D0322541D0A00C4DCE9 /* Resources */ = {
			isa = PBXResourcesBuildPhase;
			buildActionMask = 2147483647;
			files = (
			);
			runOnlyForDeploymentPostprocessing = 0;
		};
/* End PBXResourcesBuildPhase section */

/* Begin PBXSourcesBuildPhase section */
		28BE7CDF22541D0900C4DCE9 /* Sources */ = {
			isa = PBXSourcesBuildPhase;
			buildActionMask = 2147483647;
			files = (
				28BE7CEF22541D0900C4DCE9 /* ValetStorage.xcdatamodeld in Sources */,
				28BE7CE922541D0900C4DCE9 /* ViewController.swift in Sources */,
				28BE7CE722541D0900C4DCE9 /* AppDelegate.swift in Sources */,
			);
			runOnlyForDeploymentPostprocessing = 0;
		};
		28BE7CF622541D0A00C4DCE9 /* Sources */ = {
			isa = PBXSourcesBuildPhase;
			buildActionMask = 2147483647;
			files = (
				28BE7CFF22541D0A00C4DCE9 /* ValetStorageTests.swift in Sources */,
			);
			runOnlyForDeploymentPostprocessing = 0;
		};
		28BE7D0122541D0A00C4DCE9 /* Sources */ = {
			isa = PBXSourcesBuildPhase;
			buildActionMask = 2147483647;
			files = (
				28BE7D0A22541D0A00C4DCE9 /* ValetStorageUITests.swift in Sources */,
			);
			runOnlyForDeploymentPostprocessing = 0;
		};
/* End PBXSourcesBuildPhase section */

/* Begin PBXTargetDependency section */
		28BE7CFC22541D0A00C4DCE9 /* PBXTargetDependency */ = {
			isa = PBXTargetDependency;
			target = 28BE7CE222541D0900C4DCE9 /* ValetStorage */;
			targetProxy = 28BE7CFB22541D0A00C4DCE9 /* PBXContainerItemProxy */;
		};
		28BE7D0722541D0A00C4DCE9 /* PBXTargetDependency */ = {
			isa = PBXTargetDependency;
			target = 28BE7CE222541D0900C4DCE9 /* ValetStorage */;
			targetProxy = 28BE7D0622541D0A00C4DCE9 /* PBXContainerItemProxy */;
		};
/* End PBXTargetDependency section */

/* Begin PBXVariantGroup section */
		28BE7CEA22541D0900C4DCE9 /* Main.storyboard */ = {
			isa = PBXVariantGroup;
			children = (
				28BE7CEB22541D0900C4DCE9 /* Base */,
			);
			name = Main.storyboard;
			sourceTree = "<group>";
		};
		28BE7CF222541D0A00C4DCE9 /* LaunchScreen.storyboard */ = {
			isa = PBXVariantGroup;
			children = (
				28BE7CF322541D0A00C4DCE9 /* Base */,
			);
			name = LaunchScreen.storyboard;
			sourceTree = "<group>";
		};
/* End PBXVariantGroup section */

/* Begin XCBuildConfiguration section */
		28BE7D0C22541D0A00C4DCE9 /* Debug */ = {
			isa = XCBuildConfiguration;
			buildSettings = {
				ALWAYS_SEARCH_USER_PATHS = NO;
				CLANG_ANALYZER_NONNULL = YES;
				CLANG_ANALYZER_NUMBER_OBJECT_CONVERSION = YES_AGGRESSIVE;
				CLANG_CXX_LANGUAGE_STANDARD = "gnu++14";
				CLANG_CXX_LIBRARY = "libc++";
				CLANG_ENABLE_MODULES = YES;
				CLANG_ENABLE_OBJC_ARC = YES;
				CLANG_ENABLE_OBJC_WEAK = YES;
				CLANG_WARN_BLOCK_CAPTURE_AUTORELEASING = YES;
				CLANG_WARN_BOOL_CONVERSION = YES;
				CLANG_WARN_COMMA = YES;
				CLANG_WARN_CONSTANT_CONVERSION = YES;
				CLANG_WARN_DEPRECATED_OBJC_IMPLEMENTATIONS = YES;
				CLANG_WARN_DIRECT_OBJC_ISA_USAGE = YES_ERROR;
				CLANG_WARN_DOCUMENTATION_COMMENTS = YES;
				CLANG_WARN_EMPTY_BODY = YES;
				CLANG_WARN_ENUM_CONVERSION = YES;
				CLANG_WARN_INFINITE_RECURSION = YES;
				CLANG_WARN_INT_CONVERSION = YES;
				CLANG_WARN_NON_LITERAL_NULL_CONVERSION = YES;
				CLANG_WARN_OBJC_IMPLICIT_RETAIN_SELF = YES;
				CLANG_WARN_OBJC_LITERAL_CONVERSION = YES;
				CLANG_WARN_OBJC_ROOT_CLASS = YES_ERROR;
				CLANG_WARN_RANGE_LOOP_ANALYSIS = YES;
				CLANG_WARN_STRICT_PROTOTYPES = YES;
				CLANG_WARN_SUSPICIOUS_MOVE = YES;
				CLANG_WARN_UNGUARDED_AVAILABILITY = YES_AGGRESSIVE;
				CLANG_WARN_UNREACHABLE_CODE = YES;
				CLANG_WARN__DUPLICATE_METHOD_MATCH = YES;
				CODE_SIGN_IDENTITY = "iPhone Developer";
				COPY_PHASE_STRIP = NO;
				DEBUG_INFORMATION_FORMAT = dwarf;
				ENABLE_STRICT_OBJC_MSGSEND = YES;
				ENABLE_TESTABILITY = YES;
				GCC_C_LANGUAGE_STANDARD = gnu11;
				GCC_DYNAMIC_NO_PIC = NO;
				GCC_NO_COMMON_BLOCKS = YES;
				GCC_OPTIMIZATION_LEVEL = 0;
				GCC_PREPROCESSOR_DEFINITIONS = (
					"DEBUG=1",
					"$(inherited)",
				);
				GCC_WARN_64_TO_32_BIT_CONVERSION = YES;
				GCC_WARN_ABOUT_RETURN_TYPE = YES_ERROR;
				GCC_WARN_UNDECLARED_SELECTOR = YES;
				GCC_WARN_UNINITIALIZED_AUTOS = YES_AGGRESSIVE;
				GCC_WARN_UNUSED_FUNCTION = YES;
				GCC_WARN_UNUSED_VARIABLE = YES;
				IPHONEOS_DEPLOYMENT_TARGET = 11.4;
				MTL_ENABLE_DEBUG_INFO = YES;
				ONLY_ACTIVE_ARCH = YES;
				SDKROOT = iphoneos;
				SWIFT_ACTIVE_COMPILATION_CONDITIONS = DEBUG;
				SWIFT_OPTIMIZATION_LEVEL = "-Onone";
			};
			name = Debug;
		};
		28BE7D0D22541D0A00C4DCE9 /* Release */ = {
			isa = XCBuildConfiguration;
			buildSettings = {
				ALWAYS_SEARCH_USER_PATHS = NO;
				CLANG_ANALYZER_NONNULL = YES;
				CLANG_ANALYZER_NUMBER_OBJECT_CONVERSION = YES_AGGRESSIVE;
				CLANG_CXX_LANGUAGE_STANDARD = "gnu++14";
				CLANG_CXX_LIBRARY = "libc++";
				CLANG_ENABLE_MODULES = YES;
				CLANG_ENABLE_OBJC_ARC = YES;
				CLANG_ENABLE_OBJC_WEAK = YES;
				CLANG_WARN_BLOCK_CAPTURE_AUTORELEASING = YES;
				CLANG_WARN_BOOL_CONVERSION = YES;
				CLANG_WARN_COMMA = YES;
				CLANG_WARN_CONSTANT_CONVERSION = YES;
				CLANG_WARN_DEPRECATED_OBJC_IMPLEMENTATIONS = YES;
				CLANG_WARN_DIRECT_OBJC_ISA_USAGE = YES_ERROR;
				CLANG_WARN_DOCUMENTATION_COMMENTS = YES;
				CLANG_WARN_EMPTY_BODY = YES;
				CLANG_WARN_ENUM_CONVERSION = YES;
				CLANG_WARN_INFINITE_RECURSION = YES;
				CLANG_WARN_INT_CONVERSION = YES;
				CLANG_WARN_NON_LITERAL_NULL_CONVERSION = YES;
				CLANG_WARN_OBJC_IMPLICIT_RETAIN_SELF = YES;
				CLANG_WARN_OBJC_LITERAL_CONVERSION = YES;
				CLANG_WARN_OBJC_ROOT_CLASS = YES_ERROR;
				CLANG_WARN_RANGE_LOOP_ANALYSIS = YES;
				CLANG_WARN_STRICT_PROTOTYPES = YES;
				CLANG_WARN_SUSPICIOUS_MOVE = YES;
				CLANG_WARN_UNGUARDED_AVAILABILITY = YES_AGGRESSIVE;
				CLANG_WARN_UNREACHABLE_CODE = YES;
				CLANG_WARN__DUPLICATE_METHOD_MATCH = YES;
				CODE_SIGN_IDENTITY = "iPhone Developer";
				COPY_PHASE_STRIP = NO;
				DEBUG_INFORMATION_FORMAT = "dwarf-with-dsym";
				ENABLE_NS_ASSERTIONS = NO;
				ENABLE_STRICT_OBJC_MSGSEND = YES;
				GCC_C_LANGUAGE_STANDARD = gnu11;
				GCC_NO_COMMON_BLOCKS = YES;
				GCC_WARN_64_TO_32_BIT_CONVERSION = YES;
				GCC_WARN_ABOUT_RETURN_TYPE = YES_ERROR;
				GCC_WARN_UNDECLARED_SELECTOR = YES;
				GCC_WARN_UNINITIALIZED_AUTOS = YES_AGGRESSIVE;
				GCC_WARN_UNUSED_FUNCTION = YES;
				GCC_WARN_UNUSED_VARIABLE = YES;
				IPHONEOS_DEPLOYMENT_TARGET = 11.4;
				MTL_ENABLE_DEBUG_INFO = NO;
				SDKROOT = iphoneos;
				SWIFT_COMPILATION_MODE = wholemodule;
				SWIFT_OPTIMIZATION_LEVEL = "-O";
				VALIDATE_PRODUCT = YES;
			};
			name = Release;
		};
		28BE7D0F22541D0A00C4DCE9 /* Debug */ = {
			isa = XCBuildConfiguration;
			buildSettings = {
				ASSETCATALOG_COMPILER_APPICON_NAME = AppIcon;
				CODE_SIGN_STYLE = Automatic;
				INFOPLIST_FILE = ValetStorage/Info.plist;
				LD_RUNPATH_SEARCH_PATHS = (
					"$(inherited)",
					"@executable_path/Frameworks",
				);
				PRODUCT_BUNDLE_IDENTIFIER = VuongHenry.ValetStorage;
				PRODUCT_NAME = "$(TARGET_NAME)";
				SWIFT_VERSION = 4.0;
				TARGETED_DEVICE_FAMILY = "1,2";
			};
			name = Debug;
		};
		28BE7D1022541D0A00C4DCE9 /* Release */ = {
			isa = XCBuildConfiguration;
			buildSettings = {
				ASSETCATALOG_COMPILER_APPICON_NAME = AppIcon;
				CODE_SIGN_STYLE = Automatic;
				INFOPLIST_FILE = ValetStorage/Info.plist;
				LD_RUNPATH_SEARCH_PATHS = (
					"$(inherited)",
					"@executable_path/Frameworks",
				);
				PRODUCT_BUNDLE_IDENTIFIER = VuongHenry.ValetStorage;
				PRODUCT_NAME = "$(TARGET_NAME)";
				SWIFT_VERSION = 4.0;
				TARGETED_DEVICE_FAMILY = "1,2";
			};
			name = Release;
		};
		28BE7D1222541D0A00C4DCE9 /* Debug */ = {
			isa = XCBuildConfiguration;
			buildSettings = {
				ALWAYS_EMBED_SWIFT_STANDARD_LIBRARIES = YES;
				BUNDLE_LOADER = "$(TEST_HOST)";
				CODE_SIGN_STYLE = Automatic;
				INFOPLIST_FILE = ValetStorageTests/Info.plist;
				LD_RUNPATH_SEARCH_PATHS = (
					"$(inherited)",
					"@executable_path/Frameworks",
					"@loader_path/Frameworks",
				);
				PRODUCT_BUNDLE_IDENTIFIER = VuongHenry.ValetStorageTests;
				PRODUCT_NAME = "$(TARGET_NAME)";
				SWIFT_VERSION = 4.0;
				TARGETED_DEVICE_FAMILY = "1,2";
				TEST_HOST = "$(BUILT_PRODUCTS_DIR)/ValetStorage.app/ValetStorage";
			};
			name = Debug;
		};
		28BE7D1322541D0A00C4DCE9 /* Release */ = {
			isa = XCBuildConfiguration;
			buildSettings = {
				ALWAYS_EMBED_SWIFT_STANDARD_LIBRARIES = YES;
				BUNDLE_LOADER = "$(TEST_HOST)";
				CODE_SIGN_STYLE = Automatic;
				INFOPLIST_FILE = ValetStorageTests/Info.plist;
				LD_RUNPATH_SEARCH_PATHS = (
					"$(inherited)",
					"@executable_path/Frameworks",
					"@loader_path/Frameworks",
				);
				PRODUCT_BUNDLE_IDENTIFIER = VuongHenry.ValetStorageTests;
				PRODUCT_NAME = "$(TARGET_NAME)";
				SWIFT_VERSION = 4.0;
				TARGETED_DEVICE_FAMILY = "1,2";
				TEST_HOST = "$(BUILT_PRODUCTS_DIR)/ValetStorage.app/ValetStorage";
			};
			name = Release;
		};
		28BE7D1522541D0A00C4DCE9 /* Debug */ = {
			isa = XCBuildConfiguration;
			buildSettings = {
				ALWAYS_EMBED_SWIFT_STANDARD_LIBRARIES = YES;
				CODE_SIGN_STYLE = Automatic;
				INFOPLIST_FILE = ValetStorageUITests/Info.plist;
				LD_RUNPATH_SEARCH_PATHS = (
					"$(inherited)",
					"@executable_path/Frameworks",
					"@loader_path/Frameworks",
				);
				PRODUCT_BUNDLE_IDENTIFIER = VuongHenry.ValetStorageUITests;
				PRODUCT_NAME = "$(TARGET_NAME)";
				SWIFT_VERSION = 4.0;
				TARGETED_DEVICE_FAMILY = "1,2";
				TEST_TARGET_NAME = ValetStorage;
			};
			name = Debug;
		};
		28BE7D1622541D0A00C4DCE9 /* Release */ = {
			isa = XCBuildConfiguration;
			buildSettings = {
				ALWAYS_EMBED_SWIFT_STANDARD_LIBRARIES = YES;
				CODE_SIGN_STYLE = Automatic;
				INFOPLIST_FILE = ValetStorageUITests/Info.plist;
				LD_RUNPATH_SEARCH_PATHS = (
					"$(inherited)",
					"@executable_path/Frameworks",
					"@loader_path/Frameworks",
				);
				PRODUCT_BUNDLE_IDENTIFIER = VuongHenry.ValetStorageUITests;
				PRODUCT_NAME = "$(TARGET_NAME)";
				SWIFT_VERSION = 4.0;
				TARGETED_DEVICE_FAMILY = "1,2";
				TEST_TARGET_NAME = ValetStorage;
			};
			name = Release;
		};
/* End XCBuildConfiguration section */

/* Begin XCConfigurationList section */
		28BE7CDE22541D0900C4DCE9 /* Build configuration list for PBXProject "ValetStorage" */ = {
			isa = XCConfigurationList;
			buildConfigurations = (
				28BE7D0C22541D0A00C4DCE9 /* Debug */,
				28BE7D0D22541D0A00C4DCE9 /* Release */,
			);
			defaultConfigurationIsVisible = 0;
			defaultConfigurationName = Release;
		};
		28BE7D0E22541D0A00C4DCE9 /* Build configuration list for PBXNativeTarget "ValetStorage" */ = {
			isa = XCConfigurationList;
			buildConfigurations = (
				28BE7D0F22541D0A00C4DCE9 /* Debug */,
				28BE7D1022541D0A00C4DCE9 /* Release */,
			);
			defaultConfigurationIsVisible = 0;
			defaultConfigurationName = Release;
		};
		28BE7D1122541D0A00C4DCE9 /* Build configuration list for PBXNativeTarget "ValetStorageTests" */ = {
			isa = XCConfigurationList;
			buildConfigurations = (
				28BE7D1222541D0A00C4DCE9 /* Debug */,
				28BE7D1322541D0A00C4DCE9 /* Release */,
			);
			defaultConfigurationIsVisible = 0;
			defaultConfigurationName = Release;
		};
		28BE7D1422541D0A00C4DCE9 /* Build configuration list for PBXNativeTarget "ValetStorageUITests" */ = {
			isa = XCConfigurationList;
			buildConfigurations = (
				28BE7D1522541D0A00C4DCE9 /* Debug */,
				28BE7D1622541D0A00C4DCE9 /* Release */,
			);
			defaultConfigurationIsVisible = 0;
			defaultConfigurationName = Release;
		};
/* End XCConfigurationList section */

/* Begin XCVersionGroup section */
		28BE7CED22541D0900C4DCE9 /* ValetStorage.xcdatamodeld */ = {
			isa = XCVersionGroup;
			children = (
				28BE7CEE22541D0900C4DCE9 /* ValetStorage.xcdatamodel */,
			);
			currentVersion = 28BE7CEE22541D0900C4DCE9 /* ValetStorage.xcdatamodel */;
			path = ValetStorage.xcdatamodeld;
			sourceTree = "<group>";
			versionGroupType = wrapper.xcdatamodel;
		};
/* End XCVersionGroup section */
	};
	rootObject = 28BE7CDB22541D0900C4DCE9 /* Project object */;
}
