// !$*UTF8*$!
{
	archiveVersion = 1;
	classes = {
	};
	objectVersion = 50;
	objects = {

/* Begin PBXBuildFile section */
		2832F247225D9CCA00814669 /* PurchasingOptions.storyboard in Resources */ = {isa = PBXBuildFile; fileRef = 2832F246225D9CCA00814669 /* PurchasingOptions.storyboard */; };
		2870E024227670ED00D2F8C5 /* InputAddress.storyboard in Resources */ = {isa = PBXBuildFile; fileRef = 2870E023227670ED00D2F8C5 /* InputAddress.storyboard */; };
		2870E026227677E000D2F8C5 /* InputAddressViewController.swift in Sources */ = {isa = PBXBuildFile; fileRef = 2870E025227677E000D2F8C5 /* InputAddressViewController.swift */; };
		289E7E19226EDB3F00797FFA /* PricingViewController.swift in Sources */ = {isa = PBXBuildFile; fileRef = 289E7E18226EDB3F00797FFA /* PricingViewController.swift */; };
		289E7E1B226EDB8200797FFA /* Pricing.storyboard in Resources */ = {isa = PBXBuildFile; fileRef = 289E7E1A226EDB8200797FFA /* Pricing.storyboard */; };
		289E7E1F226EDD3E00797FFA /* OptionsCollectionCell.swift in Sources */ = {isa = PBXBuildFile; fileRef = 289E7E1E226EDD3E00797FFA /* OptionsCollectionCell.swift */; };
		289E7E21226EDDAC00797FFA /* OptionsCollectionViewController.swift in Sources */ = {isa = PBXBuildFile; fileRef = 289E7E20226EDDAC00797FFA /* OptionsCollectionViewController.swift */; };
		28A1810F225B0E8F0085B5C9 /* Login.storyboard in Resources */ = {isa = PBXBuildFile; fileRef = 28A1810E225B0E8F0085B5C9 /* Login.storyboard */; };
		28A18119225B0F330085B5C9 /* TokenKeychain.swift in Sources */ = {isa = PBXBuildFile; fileRef = 28A18116225B0F330085B5C9 /* TokenKeychain.swift */; };
		28A1811A225B0F330085B5C9 /* LoginService.swift in Sources */ = {isa = PBXBuildFile; fileRef = 28A18117225B0F330085B5C9 /* LoginService.swift */; };
		28A1811B225B0F330085B5C9 /* ColorScheme.swift in Sources */ = {isa = PBXBuildFile; fileRef = 28A18118225B0F330085B5C9 /* ColorScheme.swift */; };
		28A1811E225B0F4E0085B5C9 /* SignupViewController.swift in Sources */ = {isa = PBXBuildFile; fileRef = 28A1811C225B0F4E0085B5C9 /* SignupViewController.swift */; };
		28A1811F225B0F4E0085B5C9 /* LoginViewController.swift in Sources */ = {isa = PBXBuildFile; fileRef = 28A1811D225B0F4E0085B5C9 /* LoginViewController.swift */; };
		28BCF7B4227395D000FE570F /* Order.swift in Sources */ = {isa = PBXBuildFile; fileRef = 28BCF7B3227395D000FE570F /* Order.swift */; };
		28BCF7B622739CAB00FE570F /* OrderType.swift in Sources */ = {isa = PBXBuildFile; fileRef = 28BCF7B522739CAB00FE570F /* OrderType.swift */; };
		28BCF7B82273AA0C00FE570F /* CustomAlamoManager.swift in Sources */ = {isa = PBXBuildFile; fileRef = 28BCF7B72273AA0C00FE570F /* CustomAlamoManager.swift */; };
		28BE7CE722541D0900C4DCE9 /* AppDelegate.swift in Sources */ = {isa = PBXBuildFile; fileRef = 28BE7CE622541D0900C4DCE9 /* AppDelegate.swift */; };
		28BE7CEF22541D0900C4DCE9 /* ValetStorage.xcdatamodeld in Sources */ = {isa = PBXBuildFile; fileRef = 28BE7CED22541D0900C4DCE9 /* ValetStorage.xcdatamodeld */; };
		28BE7CF122541D0A00C4DCE9 /* Assets.xcassets in Resources */ = {isa = PBXBuildFile; fileRef = 28BE7CF022541D0A00C4DCE9 /* Assets.xcassets */; };
		28BE7CF422541D0A00C4DCE9 /* LaunchScreen.storyboard in Resources */ = {isa = PBXBuildFile; fileRef = 28BE7CF222541D0A00C4DCE9 /* LaunchScreen.storyboard */; };
		28BE7CFF22541D0A00C4DCE9 /* ValetStorageTests.swift in Sources */ = {isa = PBXBuildFile; fileRef = 28BE7CFE22541D0A00C4DCE9 /* ValetStorageTests.swift */; };
		28BE7D0A22541D0A00C4DCE9 /* ValetStorageUITests.swift in Sources */ = {isa = PBXBuildFile; fileRef = 28BE7D0922541D0A00C4DCE9 /* ValetStorageUITests.swift */; };
		32B8A5236EF2EC1E5ED10216 /* Pods_ValetStorageTests.framework in Frameworks */ = {isa = PBXBuildFile; fileRef = A50B55AEFDE90511A9F883FB /* Pods_ValetStorageTests.framework */; };
		B844A2F3C0FF78CAF477DB78 /* Pods_ValetStorage.framework in Frameworks */ = {isa = PBXBuildFile; fileRef = 66F15BB24F8D1229B8FDA52B /* Pods_ValetStorage.framework */; };
		C4267C78225E4FF000F828DC /* Onboarding.storyboard in Resources */ = {isa = PBXBuildFile; fileRef = C4267C77225E4FF000F828DC /* Onboarding.storyboard */; };
		C4884EC42255283B0002D71D /* WalkThroughContentController.swift in Sources */ = {isa = PBXBuildFile; fileRef = C4884EC32255283B0002D71D /* WalkThroughContentController.swift */; };
		C4884EC6225539B30002D71D /* WalkthroughPageViewController.swift in Sources */ = {isa = PBXBuildFile; fileRef = C4884EC5225539B30002D71D /* WalkthroughPageViewController.swift */; };
		C4BD420E22599710005843F4 /* WalkThroughViewController.swift in Sources */ = {isa = PBXBuildFile; fileRef = C4BD420D22599710005843F4 /* WalkThroughViewController.swift */; };
		DCB1CAD23F7FB582A0B0AD4F /* Pods_ValetStorageUITests.framework in Frameworks */ = {isa = PBXBuildFile; fileRef = 269C9352895BDA3692ED42D6 /* Pods_ValetStorageUITests.framework */; };
/* End PBXBuildFile section */

/* Begin PBXContainerItemProxy section */
		28BE7CFB22541D0A00C4DCE9 /* PBXContainerItemProxy */ = {
			isa = PBXContainerItemProxy;
			containerPortal = 28BE7CDB22541D0900C4DCE9 /* Project object */;
			proxyType = 1;
			remoteGlobalIDString = 28BE7CE222541D0900C4DCE9;
			remoteInfo = ValetStorage;
		};
		28BE7D0622541D0A00C4DCE9 /* PBXContainerItemProxy */ = {
			isa = PBXContainerItemProxy;
			containerPortal = 28BE7CDB22541D0900C4DCE9 /* Project object */;
			proxyType = 1;
			remoteGlobalIDString = 28BE7CE222541D0900C4DCE9;
			remoteInfo = ValetStorage;
		};
/* End PBXContainerItemProxy section */

/* Begin PBXFileReference section */
		077CBA75F6D5602C29A4C003 /* Pods-ValetStorageUITests.debug.xcconfig */ = {isa = PBXFileReference; includeInIndex = 1; lastKnownFileType = text.xcconfig; name = "Pods-ValetStorageUITests.debug.xcconfig"; path = "Pods/Target Support Files/Pods-ValetStorageUITests/Pods-ValetStorageUITests.debug.xcconfig"; sourceTree = "<group>"; };
		1AFB00CEF8CFBA8E2BF62C1C /* Pods-ValetStorage.debug.xcconfig */ = {isa = PBXFileReference; includeInIndex = 1; lastKnownFileType = text.xcconfig; name = "Pods-ValetStorage.debug.xcconfig"; path = "Pods/Target Support Files/Pods-ValetStorage/Pods-ValetStorage.debug.xcconfig"; sourceTree = "<group>"; };
		269C9352895BDA3692ED42D6 /* Pods_ValetStorageUITests.framework */ = {isa = PBXFileReference; explicitFileType = wrapper.framework; includeInIndex = 0; path = Pods_ValetStorageUITests.framework; sourceTree = BUILT_PRODUCTS_DIR; };
		2832F246225D9CCA00814669 /* PurchasingOptions.storyboard */ = {isa = PBXFileReference; lastKnownFileType = file.storyboard; path = PurchasingOptions.storyboard; sourceTree = "<group>"; };
		2870E023227670ED00D2F8C5 /* InputAddress.storyboard */ = {isa = PBXFileReference; lastKnownFileType = file.storyboard; path = InputAddress.storyboard; sourceTree = "<group>"; };
		2870E025227677E000D2F8C5 /* InputAddressViewController.swift */ = {isa = PBXFileReference; lastKnownFileType = sourcecode.swift; path = InputAddressViewController.swift; sourceTree = "<group>"; };
		289E7E18226EDB3F00797FFA /* PricingViewController.swift */ = {isa = PBXFileReference; lastKnownFileType = sourcecode.swift; path = PricingViewController.swift; sourceTree = "<group>"; };
		289E7E1A226EDB8200797FFA /* Pricing.storyboard */ = {isa = PBXFileReference; lastKnownFileType = file.storyboard; path = Pricing.storyboard; sourceTree = "<group>"; };
		289E7E1E226EDD3E00797FFA /* OptionsCollectionCell.swift */ = {isa = PBXFileReference; lastKnownFileType = sourcecode.swift; path = OptionsCollectionCell.swift; sourceTree = "<group>"; };
		289E7E20226EDDAC00797FFA /* OptionsCollectionViewController.swift */ = {isa = PBXFileReference; lastKnownFileType = sourcecode.swift; path = OptionsCollectionViewController.swift; sourceTree = "<group>"; };
		28A1810E225B0E8F0085B5C9 /* Login.storyboard */ = {isa = PBXFileReference; fileEncoding = 4; lastKnownFileType = file.storyboard; path = Login.storyboard; sourceTree = "<group>"; };
		28A18116225B0F330085B5C9 /* TokenKeychain.swift */ = {isa = PBXFileReference; fileEncoding = 4; lastKnownFileType = sourcecode.swift; path = TokenKeychain.swift; sourceTree = "<group>"; };
		28A18117225B0F330085B5C9 /* LoginService.swift */ = {isa = PBXFileReference; fileEncoding = 4; lastKnownFileType = sourcecode.swift; path = LoginService.swift; sourceTree = "<group>"; };
		28A18118225B0F330085B5C9 /* ColorScheme.swift */ = {isa = PBXFileReference; fileEncoding = 4; lastKnownFileType = sourcecode.swift; path = ColorScheme.swift; sourceTree = "<group>"; };
		28A1811C225B0F4E0085B5C9 /* SignupViewController.swift */ = {isa = PBXFileReference; fileEncoding = 4; lastKnownFileType = sourcecode.swift; path = SignupViewController.swift; sourceTree = "<group>"; };
		28A1811D225B0F4E0085B5C9 /* LoginViewController.swift */ = {isa = PBXFileReference; fileEncoding = 4; lastKnownFileType = sourcecode.swift; path = LoginViewController.swift; sourceTree = "<group>"; };
		28BCF7B3227395D000FE570F /* Order.swift */ = {isa = PBXFileReference; lastKnownFileType = sourcecode.swift; path = Order.swift; sourceTree = "<group>"; };
		28BCF7B522739CAB00FE570F /* OrderType.swift */ = {isa = PBXFileReference; lastKnownFileType = sourcecode.swift; path = OrderType.swift; sourceTree = "<group>"; };
		28BCF7B72273AA0C00FE570F /* CustomAlamoManager.swift */ = {isa = PBXFileReference; lastKnownFileType = sourcecode.swift; path = CustomAlamoManager.swift; sourceTree = "<group>"; };
		28BE7CE322541D0900C4DCE9 /* ValetStorage.app */ = {isa = PBXFileReference; explicitFileType = wrapper.application; includeInIndex = 0; path = ValetStorage.app; sourceTree = BUILT_PRODUCTS_DIR; };
		28BE7CE622541D0900C4DCE9 /* AppDelegate.swift */ = {isa = PBXFileReference; lastKnownFileType = sourcecode.swift; path = AppDelegate.swift; sourceTree = "<group>"; };
		28BE7CEE22541D0900C4DCE9 /* ValetStorage.xcdatamodel */ = {isa = PBXFileReference; lastKnownFileType = wrapper.xcdatamodel; path = ValetStorage.xcdatamodel; sourceTree = "<group>"; };
		28BE7CF022541D0A00C4DCE9 /* Assets.xcassets */ = {isa = PBXFileReference; lastKnownFileType = folder.assetcatalog; path = Assets.xcassets; sourceTree = "<group>"; };
		28BE7CF322541D0A00C4DCE9 /* Base */ = {isa = PBXFileReference; lastKnownFileType = file.storyboard; name = Base; path = Base.lproj/LaunchScreen.storyboard; sourceTree = "<group>"; };
		28BE7CF522541D0A00C4DCE9 /* Info.plist */ = {isa = PBXFileReference; lastKnownFileType = text.plist.xml; path = Info.plist; sourceTree = "<group>"; };
		28BE7CFA22541D0A00C4DCE9 /* ValetStorageTests.xctest */ = {isa = PBXFileReference; explicitFileType = wrapper.cfbundle; includeInIndex = 0; path = ValetStorageTests.xctest; sourceTree = BUILT_PRODUCTS_DIR; };
		28BE7CFE22541D0A00C4DCE9 /* ValetStorageTests.swift */ = {isa = PBXFileReference; lastKnownFileType = sourcecode.swift; path = ValetStorageTests.swift; sourceTree = "<group>"; };
		28BE7D0022541D0A00C4DCE9 /* Info.plist */ = {isa = PBXFileReference; lastKnownFileType = text.plist.xml; path = Info.plist; sourceTree = "<group>"; };
		28BE7D0522541D0A00C4DCE9 /* ValetStorageUITests.xctest */ = {isa = PBXFileReference; explicitFileType = wrapper.cfbundle; includeInIndex = 0; path = ValetStorageUITests.xctest; sourceTree = BUILT_PRODUCTS_DIR; };
		28BE7D0922541D0A00C4DCE9 /* ValetStorageUITests.swift */ = {isa = PBXFileReference; lastKnownFileType = sourcecode.swift; path = ValetStorageUITests.swift; sourceTree = "<group>"; };
		28BE7D0B22541D0A00C4DCE9 /* Info.plist */ = {isa = PBXFileReference; lastKnownFileType = text.plist.xml; path = Info.plist; sourceTree = "<group>"; };
		66F15BB24F8D1229B8FDA52B /* Pods_ValetStorage.framework */ = {isa = PBXFileReference; explicitFileType = wrapper.framework; includeInIndex = 0; path = Pods_ValetStorage.framework; sourceTree = BUILT_PRODUCTS_DIR; };
		A50B55AEFDE90511A9F883FB /* Pods_ValetStorageTests.framework */ = {isa = PBXFileReference; explicitFileType = wrapper.framework; includeInIndex = 0; path = Pods_ValetStorageTests.framework; sourceTree = BUILT_PRODUCTS_DIR; };
		B340AB26AE987ED4BE7D3F03 /* Pods-ValetStorageTests.debug.xcconfig */ = {isa = PBXFileReference; includeInIndex = 1; lastKnownFileType = text.xcconfig; name = "Pods-ValetStorageTests.debug.xcconfig"; path = "Pods/Target Support Files/Pods-ValetStorageTests/Pods-ValetStorageTests.debug.xcconfig"; sourceTree = "<group>"; };
		C4267C77225E4FF000F828DC /* Onboarding.storyboard */ = {isa = PBXFileReference; fileEncoding = 4; lastKnownFileType = file.storyboard; path = Onboarding.storyboard; sourceTree = "<group>"; };
		C4884EC32255283B0002D71D /* WalkThroughContentController.swift */ = {isa = PBXFileReference; lastKnownFileType = sourcecode.swift; path = WalkThroughContentController.swift; sourceTree = "<group>"; };
		C4884EC5225539B30002D71D /* WalkthroughPageViewController.swift */ = {isa = PBXFileReference; lastKnownFileType = sourcecode.swift; path = WalkthroughPageViewController.swift; sourceTree = "<group>"; };
		C4BD420D22599710005843F4 /* WalkThroughViewController.swift */ = {isa = PBXFileReference; lastKnownFileType = sourcecode.swift; path = WalkThroughViewController.swift; sourceTree = "<group>"; };
		CF00A8BBBFDA84E98BF31F77 /* Pods-ValetStorageUITests.release.xcconfig */ = {isa = PBXFileReference; includeInIndex = 1; lastKnownFileType = text.xcconfig; name = "Pods-ValetStorageUITests.release.xcconfig"; path = "Pods/Target Support Files/Pods-ValetStorageUITests/Pods-ValetStorageUITests.release.xcconfig"; sourceTree = "<group>"; };
		D0234B6C97FC805F8628D241 /* Pods-ValetStorage.release.xcconfig */ = {isa = PBXFileReference; includeInIndex = 1; lastKnownFileType = text.xcconfig; name = "Pods-ValetStorage.release.xcconfig"; path = "Pods/Target Support Files/Pods-ValetStorage/Pods-ValetStorage.release.xcconfig"; sourceTree = "<group>"; };
		DA5DACB4E3274473639CF454 /* Pods-ValetStorageTests.release.xcconfig */ = {isa = PBXFileReference; includeInIndex = 1; lastKnownFileType = text.xcconfig; name = "Pods-ValetStorageTests.release.xcconfig"; path = "Pods/Target Support Files/Pods-ValetStorageTests/Pods-ValetStorageTests.release.xcconfig"; sourceTree = "<group>"; };
/* End PBXFileReference section */

/* Begin PBXFrameworksBuildPhase section */
		28BE7CE022541D0900C4DCE9 /* Frameworks */ = {
			isa = PBXFrameworksBuildPhase;
			buildActionMask = 2147483647;
			files = (
				B844A2F3C0FF78CAF477DB78 /* Pods_ValetStorage.framework in Frameworks */,
			);
			runOnlyForDeploymentPostprocessing = 0;
		};
		28BE7CF722541D0A00C4DCE9 /* Frameworks */ = {
			isa = PBXFrameworksBuildPhase;
			buildActionMask = 2147483647;
			files = (
				32B8A5236EF2EC1E5ED10216 /* Pods_ValetStorageTests.framework in Frameworks */,
			);
			runOnlyForDeploymentPostprocessing = 0;
		};
		28BE7D0222541D0A00C4DCE9 /* Frameworks */ = {
			isa = PBXFrameworksBuildPhase;
			buildActionMask = 2147483647;
			files = (
				DCB1CAD23F7FB582A0B0AD4F /* Pods_ValetStorageUITests.framework in Frameworks */,
			);
			runOnlyForDeploymentPostprocessing = 0;
		};
/* End PBXFrameworksBuildPhase section */

/* Begin PBXGroup section */
		28055B5A225A8360001104B4 /* Storyboards */ = {
			isa = PBXGroup;
			children = (
				C4267C77225E4FF000F828DC /* Onboarding.storyboard */,
				28A1810E225B0E8F0085B5C9 /* Login.storyboard */,
				2832F246225D9CCA00814669 /* PurchasingOptions.storyboard */,
				289E7E1A226EDB8200797FFA /* Pricing.storyboard */,
				2870E023227670ED00D2F8C5 /* InputAddress.storyboard */,
			);
			path = Storyboards;
			sourceTree = "<group>";
		};
		28055B5D225A8391001104B4 /* Classes */ = {
			isa = PBXGroup;
			children = (
				28A18118225B0F330085B5C9 /* ColorScheme.swift */,
				28A18117225B0F330085B5C9 /* LoginService.swift */,
				28A18116225B0F330085B5C9 /* TokenKeychain.swift */,
				28BCF7B3227395D000FE570F /* Order.swift */,
				28BCF7B522739CAB00FE570F /* OrderType.swift */,
				28BCF7B72273AA0C00FE570F /* CustomAlamoManager.swift */,
			);
			path = Classes;
			sourceTree = "<group>";
		};
		28055B64225A83AF001104B4 /* Login */ = {
			isa = PBXGroup;
			children = (
				28A1811D225B0F4E0085B5C9 /* LoginViewController.swift */,
				28A1811C225B0F4E0085B5C9 /* SignupViewController.swift */,
			);
			path = Login;
			sourceTree = "<group>";
		};
		2832F248225D9D4900814669 /* Checkout */ = {
			isa = PBXGroup;
			children = (
				289E7E18226EDB3F00797FFA /* PricingViewController.swift */,
				289E7E20226EDDAC00797FFA /* OptionsCollectionViewController.swift */,
				2870E025227677E000D2F8C5 /* InputAddressViewController.swift */,
			);
			path = Checkout;
			sourceTree = "<group>";
		};
		28867C4F226E5EA6005D6742 /* Views */ = {
			isa = PBXGroup;
			children = (
				289E7E1E226EDD3E00797FFA /* OptionsCollectionCell.swift */,
			);
			path = Views;
			sourceTree = "<group>";
		};
		28BE7CDA22541D0900C4DCE9 = {
			isa = PBXGroup;
			children = (
				28867C4F226E5EA6005D6742 /* Views */,
				28055B5D225A8391001104B4 /* Classes */,
				28055B5A225A8360001104B4 /* Storyboards */,
				C4884EC0225527CA0002D71D /* ViewController */,
				28BE7CE522541D0900C4DCE9 /* ValetStorage */,
				28BE7CFD22541D0A00C4DCE9 /* ValetStorageTests */,
				28BE7D0822541D0A00C4DCE9 /* ValetStorageUITests */,
				28BE7CE422541D0900C4DCE9 /* Products */,
				512C2915808F9AFB783C3597 /* Pods */,
				F4AFB6F7AC5EF4609E0572F7 /* Frameworks */,
			);
			sourceTree = "<group>";
		};
		28BE7CE422541D0900C4DCE9 /* Products */ = {
			isa = PBXGroup;
			children = (
				28BE7CE322541D0900C4DCE9 /* ValetStorage.app */,
				28BE7CFA22541D0A00C4DCE9 /* ValetStorageTests.xctest */,
				28BE7D0522541D0A00C4DCE9 /* ValetStorageUITests.xctest */,
			);
			name = Products;
			sourceTree = "<group>";
		};
		28BE7CE522541D0900C4DCE9 /* ValetStorage */ = {
			isa = PBXGroup;
			children = (
				28BE7CE622541D0900C4DCE9 /* AppDelegate.swift */,
				28BE7CF022541D0A00C4DCE9 /* Assets.xcassets */,
				28BE7CF222541D0A00C4DCE9 /* LaunchScreen.storyboard */,
				28BE7CF522541D0A00C4DCE9 /* Info.plist */,
				28BE7CED22541D0900C4DCE9 /* ValetStorage.xcdatamodeld */,
			);
			path = ValetStorage;
			sourceTree = "<group>";
		};
		28BE7CFD22541D0A00C4DCE9 /* ValetStorageTests */ = {
			isa = PBXGroup;
			children = (
				28BE7CFE22541D0A00C4DCE9 /* ValetStorageTests.swift */,
				28BE7D0022541D0A00C4DCE9 /* Info.plist */,
			);
			path = ValetStorageTests;
			sourceTree = "<group>";
		};
		28BE7D0822541D0A00C4DCE9 /* ValetStorageUITests */ = {
			isa = PBXGroup;
			children = (
				28BE7D0922541D0A00C4DCE9 /* ValetStorageUITests.swift */,
				28BE7D0B22541D0A00C4DCE9 /* Info.plist */,
			);
			path = ValetStorageUITests;
			sourceTree = "<group>";
		};
		512C2915808F9AFB783C3597 /* Pods */ = {
			isa = PBXGroup;
			children = (
				1AFB00CEF8CFBA8E2BF62C1C /* Pods-ValetStorage.debug.xcconfig */,
				D0234B6C97FC805F8628D241 /* Pods-ValetStorage.release.xcconfig */,
				B340AB26AE987ED4BE7D3F03 /* Pods-ValetStorageTests.debug.xcconfig */,
				DA5DACB4E3274473639CF454 /* Pods-ValetStorageTests.release.xcconfig */,
				077CBA75F6D5602C29A4C003 /* Pods-ValetStorageUITests.debug.xcconfig */,
				CF00A8BBBFDA84E98BF31F77 /* Pods-ValetStorageUITests.release.xcconfig */,
			);
			name = Pods;
			sourceTree = "<group>";
		};
		C4729708225E4232000461B3 /* WalkThrough */ = {
			isa = PBXGroup;
			children = (
				C4884EC32255283B0002D71D /* WalkThroughContentController.swift */,
				C4884EC5225539B30002D71D /* WalkthroughPageViewController.swift */,
				C4BD420D22599710005843F4 /* WalkThroughViewController.swift */,
			);
			path = WalkThrough;
			sourceTree = "<group>";
		};
		C4884EC0225527CA0002D71D /* ViewController */ = {
			isa = PBXGroup;
			children = (
				C4729708225E4232000461B3 /* WalkThrough */,
				2832F248225D9D4900814669 /* Checkout */,
				28055B64225A83AF001104B4 /* Login */,
			);
			path = ViewController;
			sourceTree = "<group>";
		};
		F4AFB6F7AC5EF4609E0572F7 /* Frameworks */ = {
			isa = PBXGroup;
			children = (
				66F15BB24F8D1229B8FDA52B /* Pods_ValetStorage.framework */,
				A50B55AEFDE90511A9F883FB /* Pods_ValetStorageTests.framework */,
				269C9352895BDA3692ED42D6 /* Pods_ValetStorageUITests.framework */,
			);
			name = Frameworks;
			sourceTree = "<group>";
		};
/* End PBXGroup section */

/* Begin PBXNativeTarget section */
		28BE7CE222541D0900C4DCE9 /* ValetStorage */ = {
			isa = PBXNativeTarget;
			buildConfigurationList = 28BE7D0E22541D0A00C4DCE9 /* Build configuration list for PBXNativeTarget "ValetStorage" */;
			buildPhases = (
				0EA1D0F475AAA2A3B6B0449F /* [CP] Check Pods Manifest.lock */,
				28BE7CDF22541D0900C4DCE9 /* Sources */,
				28BE7CE022541D0900C4DCE9 /* Frameworks */,
				28BE7CE122541D0900C4DCE9 /* Resources */,
				263A85B20488F587AA1CCFDE /* [CP] Embed Pods Frameworks */,
				F7071D02036E508245C9F953 /* [CP] Copy Pods Resources */,
			);
			buildRules = (
			);
			dependencies = (
			);
			name = ValetStorage;
			productName = ValetStorage;
			productReference = 28BE7CE322541D0900C4DCE9 /* ValetStorage.app */;
			productType = "com.apple.product-type.application";
		};
		28BE7CF922541D0A00C4DCE9 /* ValetStorageTests */ = {
			isa = PBXNativeTarget;
			buildConfigurationList = 28BE7D1122541D0A00C4DCE9 /* Build configuration list for PBXNativeTarget "ValetStorageTests" */;
			buildPhases = (
				C834996C4E9D9A8A362D710E /* [CP] Check Pods Manifest.lock */,
				28BE7CF622541D0A00C4DCE9 /* Sources */,
				28BE7CF722541D0A00C4DCE9 /* Frameworks */,
				28BE7CF822541D0A00C4DCE9 /* Resources */,
				B8A191B579815657E0B81063 /* [CP] Embed Pods Frameworks */,
				D434690A8A6035FBC1120E14 /* [CP] Copy Pods Resources */,
			);
			buildRules = (
			);
			dependencies = (
				28BE7CFC22541D0A00C4DCE9 /* PBXTargetDependency */,
			);
			name = ValetStorageTests;
			productName = ValetStorageTests;
			productReference = 28BE7CFA22541D0A00C4DCE9 /* ValetStorageTests.xctest */;
			productType = "com.apple.product-type.bundle.unit-test";
		};
		28BE7D0422541D0A00C4DCE9 /* ValetStorageUITests */ = {
			isa = PBXNativeTarget;
			buildConfigurationList = 28BE7D1422541D0A00C4DCE9 /* Build configuration list for PBXNativeTarget "ValetStorageUITests" */;
			buildPhases = (
				E16DB95014AFA724ED56A19E /* [CP] Check Pods Manifest.lock */,
				28BE7D0122541D0A00C4DCE9 /* Sources */,
				28BE7D0222541D0A00C4DCE9 /* Frameworks */,
				28BE7D0322541D0A00C4DCE9 /* Resources */,
				1FA4790798DF2A61DC0F1132 /* [CP] Embed Pods Frameworks */,
				6BC6F8A86310490F20750B7B /* [CP] Copy Pods Resources */,
			);
			buildRules = (
			);
			dependencies = (
				28BE7D0722541D0A00C4DCE9 /* PBXTargetDependency */,
			);
			name = ValetStorageUITests;
			productName = ValetStorageUITests;
			productReference = 28BE7D0522541D0A00C4DCE9 /* ValetStorageUITests.xctest */;
			productType = "com.apple.product-type.bundle.ui-testing";
		};
/* End PBXNativeTarget section */

/* Begin PBXProject section */
		28BE7CDB22541D0900C4DCE9 /* Project object */ = {
			isa = PBXProject;
			attributes = {
				LastSwiftUpdateCheck = 0940;
				LastUpgradeCheck = 0940;
				ORGANIZATIONNAME = Team7MIS374;
				TargetAttributes = {
					28BE7CE222541D0900C4DCE9 = {
						CreatedOnToolsVersion = 9.4.1;
					};
					28BE7CF922541D0A00C4DCE9 = {
						CreatedOnToolsVersion = 9.4.1;
						TestTargetID = 28BE7CE222541D0900C4DCE9;
					};
					28BE7D0422541D0A00C4DCE9 = {
						CreatedOnToolsVersion = 9.4.1;
						TestTargetID = 28BE7CE222541D0900C4DCE9;
					};
				};
			};
			buildConfigurationList = 28BE7CDE22541D0900C4DCE9 /* Build configuration list for PBXProject "ValetStorage" */;
			compatibilityVersion = "Xcode 9.3";
			developmentRegion = en;
			hasScannedForEncodings = 0;
			knownRegions = (
				en,
				Base,
			);
			mainGroup = 28BE7CDA22541D0900C4DCE9;
			productRefGroup = 28BE7CE422541D0900C4DCE9 /* Products */;
			projectDirPath = "";
			projectRoot = "";
			targets = (
				28BE7CE222541D0900C4DCE9 /* ValetStorage */,
				28BE7CF922541D0A00C4DCE9 /* ValetStorageTests */,
				28BE7D0422541D0A00C4DCE9 /* ValetStorageUITests */,
			);
		};
/* End PBXProject section */

/* Begin PBXResourcesBuildPhase section */
		28BE7CE122541D0900C4DCE9 /* Resources */ = {
			isa = PBXResourcesBuildPhase;
			buildActionMask = 2147483647;
			files = (
				28BE7CF422541D0A00C4DCE9 /* LaunchScreen.storyboard in Resources */,
				28BE7CF122541D0A00C4DCE9 /* Assets.xcassets in Resources */,
				289E7E1B226EDB8200797FFA /* Pricing.storyboard in Resources */,
				C4267C78225E4FF000F828DC /* Onboarding.storyboard in Resources */,
				2832F247225D9CCA00814669 /* PurchasingOptions.storyboard in Resources */,
				28A1810F225B0E8F0085B5C9 /* Login.storyboard in Resources */,
				2870E024227670ED00D2F8C5 /* InputAddress.storyboard in Resources */,
			);
			runOnlyForDeploymentPostprocessing = 0;
		};
		28BE7CF822541D0A00C4DCE9 /* Resources */ = {
			isa = PBXResourcesBuildPhase;
			buildActionMask = 2147483647;
			files = (
			);
			runOnlyForDeploymentPostprocessing = 0;
		};
		28BE7D0322541D0A00C4DCE9 /* Resources */ = {
			isa = PBXResourcesBuildPhase;
			buildActionMask = 2147483647;
			files = (
			);
			runOnlyForDeploymentPostprocessing = 0;
		};
/* End PBXResourcesBuildPhase section */

/* Begin PBXShellScriptBuildPhase section */
		0EA1D0F475AAA2A3B6B0449F /* [CP] Check Pods Manifest.lock */ = {
			isa = PBXShellScriptBuildPhase;
			buildActionMask = 2147483647;
			files = (
			);
			inputPaths = (
				"${PODS_PODFILE_DIR_PATH}/Podfile.lock",
				"${PODS_ROOT}/Manifest.lock",
			);
			name = "[CP] Check Pods Manifest.lock";
			outputPaths = (
				"$(DERIVED_FILE_DIR)/Pods-ValetStorage-checkManifestLockResult.txt",
			);
			runOnlyForDeploymentPostprocessing = 0;
			shellPath = /bin/sh;
			shellScript = "diff \"${PODS_PODFILE_DIR_PATH}/Podfile.lock\" \"${PODS_ROOT}/Manifest.lock\" > /dev/null\nif [ $? != 0 ] ; then\n    # print error to STDERR\n    echo \"error: The sandbox is not in sync with the Podfile.lock. Run 'pod install' or update your CocoaPods installation.\" >&2\n    exit 1\nfi\n# This output is used by Xcode 'outputs' to avoid re-running this script phase.\necho \"SUCCESS\" > \"${SCRIPT_OUTPUT_FILE_0}\"\n";
			showEnvVarsInLog = 0;
		};
		1FA4790798DF2A61DC0F1132 /* [CP] Embed Pods Frameworks */ = {
			isa = PBXShellScriptBuildPhase;
			buildActionMask = 2147483647;
			files = (
			);
			inputPaths = (
			);
			name = "[CP] Embed Pods Frameworks";
			outputPaths = (
			);
			runOnlyForDeploymentPostprocessing = 0;
			shellPath = /bin/sh;
			shellScript = "\"${SRCROOT}/Pods/Target Support Files/Pods-ValetStorageUITests/Pods-ValetStorageUITests-frameworks.sh\"\n";
			showEnvVarsInLog = 0;
		};
		263A85B20488F587AA1CCFDE /* [CP] Embed Pods Frameworks */ = {
			isa = PBXShellScriptBuildPhase;
			buildActionMask = 2147483647;
			files = (
			);
			inputPaths = (
				"${SRCROOT}/Pods/Target Support Files/Pods-ValetStorage/Pods-ValetStorage-frameworks.sh",
				"${BUILT_PRODUCTS_DIR}/Alamofire/Alamofire.framework",
				"${BUILT_PRODUCTS_DIR}/SwiftKeychainWrapper/SwiftKeychainWrapper.framework",
			);
			name = "[CP] Embed Pods Frameworks";
			outputPaths = (
				"${TARGET_BUILD_DIR}/${FRAMEWORKS_FOLDER_PATH}/Alamofire.framework",
				"${TARGET_BUILD_DIR}/${FRAMEWORKS_FOLDER_PATH}/SwiftKeychainWrapper.framework",
			);
			runOnlyForDeploymentPostprocessing = 0;
			shellPath = /bin/sh;
			shellScript = "\"${SRCROOT}/Pods/Target Support Files/Pods-ValetStorage/Pods-ValetStorage-frameworks.sh\"\n";
			showEnvVarsInLog = 0;
		};
		6BC6F8A86310490F20750B7B /* [CP] Copy Pods Resources */ = {
			isa = PBXShellScriptBuildPhase;
			buildActionMask = 2147483647;
			files = (
			);
			inputPaths = (
			);
			name = "[CP] Copy Pods Resources";
			outputPaths = (
			);
			runOnlyForDeploymentPostprocessing = 0;
			shellPath = /bin/sh;
			shellScript = "\"${SRCROOT}/Pods/Target Support Files/Pods-ValetStorageUITests/Pods-ValetStorageUITests-resources.sh\"\n";
			showEnvVarsInLog = 0;
		};
		B8A191B579815657E0B81063 /* [CP] Embed Pods Frameworks */ = {
			isa = PBXShellScriptBuildPhase;
			buildActionMask = 2147483647;
			files = (
			);
			inputPaths = (
			);
			name = "[CP] Embed Pods Frameworks";
			outputPaths = (
			);
			runOnlyForDeploymentPostprocessing = 0;
			shellPath = /bin/sh;
			shellScript = "\"${SRCROOT}/Pods/Target Support Files/Pods-ValetStorageTests/Pods-ValetStorageTests-frameworks.sh\"\n";
			showEnvVarsInLog = 0;
		};
		C834996C4E9D9A8A362D710E /* [CP] Check Pods Manifest.lock */ = {
			isa = PBXShellScriptBuildPhase;
			buildActionMask = 2147483647;
			files = (
			);
			inputPaths = (
				"${PODS_PODFILE_DIR_PATH}/Podfile.lock",
				"${PODS_ROOT}/Manifest.lock",
			);
			name = "[CP] Check Pods Manifest.lock";
			outputPaths = (
				"$(DERIVED_FILE_DIR)/Pods-ValetStorageTests-checkManifestLockResult.txt",
			);
			runOnlyForDeploymentPostprocessing = 0;
			shellPath = /bin/sh;
			shellScript = "diff \"${PODS_PODFILE_DIR_PATH}/Podfile.lock\" \"${PODS_ROOT}/Manifest.lock\" > /dev/null\nif [ $? != 0 ] ; then\n    # print error to STDERR\n    echo \"error: The sandbox is not in sync with the Podfile.lock. Run 'pod install' or update your CocoaPods installation.\" >&2\n    exit 1\nfi\n# This output is used by Xcode 'outputs' to avoid re-running this script phase.\necho \"SUCCESS\" > \"${SCRIPT_OUTPUT_FILE_0}\"\n";
			showEnvVarsInLog = 0;
		};
		D434690A8A6035FBC1120E14 /* [CP] Copy Pods Resources */ = {
			isa = PBXShellScriptBuildPhase;
			buildActionMask = 2147483647;
			files = (
			);
			inputPaths = (
			);
			name = "[CP] Copy Pods Resources";
			outputPaths = (
			);
			runOnlyForDeploymentPostprocessing = 0;
			shellPath = /bin/sh;
			shellScript = "\"${SRCROOT}/Pods/Target Support Files/Pods-ValetStorageTests/Pods-ValetStorageTests-resources.sh\"\n";
			showEnvVarsInLog = 0;
		};
		E16DB95014AFA724ED56A19E /* [CP] Check Pods Manifest.lock */ = {
			isa = PBXShellScriptBuildPhase;
			buildActionMask = 2147483647;
			files = (
			);
			inputPaths = (
				"${PODS_PODFILE_DIR_PATH}/Podfile.lock",
				"${PODS_ROOT}/Manifest.lock",
			);
			name = "[CP] Check Pods Manifest.lock";
			outputPaths = (
				"$(DERIVED_FILE_DIR)/Pods-ValetStorageUITests-checkManifestLockResult.txt",
			);
			runOnlyForDeploymentPostprocessing = 0;
			shellPath = /bin/sh;
			shellScript = "diff \"${PODS_PODFILE_DIR_PATH}/Podfile.lock\" \"${PODS_ROOT}/Manifest.lock\" > /dev/null\nif [ $? != 0 ] ; then\n    # print error to STDERR\n    echo \"error: The sandbox is not in sync with the Podfile.lock. Run 'pod install' or update your CocoaPods installation.\" >&2\n    exit 1\nfi\n# This output is used by Xcode 'outputs' to avoid re-running this script phase.\necho \"SUCCESS\" > \"${SCRIPT_OUTPUT_FILE_0}\"\n";
			showEnvVarsInLog = 0;
		};
		F7071D02036E508245C9F953 /* [CP] Copy Pods Resources */ = {
			isa = PBXShellScriptBuildPhase;
			buildActionMask = 2147483647;
			files = (
			);
			inputPaths = (
			);
			name = "[CP] Copy Pods Resources";
			outputPaths = (
			);
			runOnlyForDeploymentPostprocessing = 0;
			shellPath = /bin/sh;
			shellScript = "\"${SRCROOT}/Pods/Target Support Files/Pods-ValetStorage/Pods-ValetStorage-resources.sh\"\n";
			showEnvVarsInLog = 0;
		};
/* End PBXShellScriptBuildPhase section */

/* Begin PBXSourcesBuildPhase section */
		28BE7CDF22541D0900C4DCE9 /* Sources */ = {
			isa = PBXSourcesBuildPhase;
			buildActionMask = 2147483647;
			files = (
				28BCF7B622739CAB00FE570F /* OrderType.swift in Sources */,
				289E7E19226EDB3F00797FFA /* PricingViewController.swift in Sources */,
				C4884EC42255283B0002D71D /* WalkThroughContentController.swift in Sources */,
				28BCF7B82273AA0C00FE570F /* CustomAlamoManager.swift in Sources */,
				28A18119225B0F330085B5C9 /* TokenKeychain.swift in Sources */,
				2870E026227677E000D2F8C5 /* InputAddressViewController.swift in Sources */,
				289E7E21226EDDAC00797FFA /* OptionsCollectionViewController.swift in Sources */,
				28A1811E225B0F4E0085B5C9 /* SignupViewController.swift in Sources */,
				28BE7CEF22541D0900C4DCE9 /* ValetStorage.xcdatamodeld in Sources */,
				28BCF7B4227395D000FE570F /* Order.swift in Sources */,
				C4BD420E22599710005843F4 /* WalkThroughViewController.swift in Sources */,
				28A1811B225B0F330085B5C9 /* ColorScheme.swift in Sources */,
				289E7E1F226EDD3E00797FFA /* OptionsCollectionCell.swift in Sources */,
				28BE7CE722541D0900C4DCE9 /* AppDelegate.swift in Sources */,
				28A1811A225B0F330085B5C9 /* LoginService.swift in Sources */,
				C4884EC6225539B30002D71D /* WalkthroughPageViewController.swift in Sources */,
				28A1811F225B0F4E0085B5C9 /* LoginViewController.swift in Sources */,
			);
			runOnlyForDeploymentPostprocessing = 0;
		};
		28BE7CF622541D0A00C4DCE9 /* Sources */ = {
			isa = PBXSourcesBuildPhase;
			buildActionMask = 2147483647;
			files = (
				28BE7CFF22541D0A00C4DCE9 /* ValetStorageTests.swift in Sources */,
			);
			runOnlyForDeploymentPostprocessing = 0;
		};
		28BE7D0122541D0A00C4DCE9 /* Sources */ = {
			isa = PBXSourcesBuildPhase;
			buildActionMask = 2147483647;
			files = (
				28BE7D0A22541D0A00C4DCE9 /* ValetStorageUITests.swift in Sources */,
			);
			runOnlyForDeploymentPostprocessing = 0;
		};
/* End PBXSourcesBuildPhase section */

/* Begin PBXTargetDependency section */
		28BE7CFC22541D0A00C4DCE9 /* PBXTargetDependency */ = {
			isa = PBXTargetDependency;
			target = 28BE7CE222541D0900C4DCE9 /* ValetStorage */;
			targetProxy = 28BE7CFB22541D0A00C4DCE9 /* PBXContainerItemProxy */;
		};
		28BE7D0722541D0A00C4DCE9 /* PBXTargetDependency */ = {
			isa = PBXTargetDependency;
			target = 28BE7CE222541D0900C4DCE9 /* ValetStorage */;
			targetProxy = 28BE7D0622541D0A00C4DCE9 /* PBXContainerItemProxy */;
		};
/* End PBXTargetDependency section */

/* Begin PBXVariantGroup section */
		28BE7CF222541D0A00C4DCE9 /* LaunchScreen.storyboard */ = {
			isa = PBXVariantGroup;
			children = (
				28BE7CF322541D0A00C4DCE9 /* Base */,
			);
			name = LaunchScreen.storyboard;
			sourceTree = "<group>";
		};
/* End PBXVariantGroup section */

/* Begin XCBuildConfiguration section */
		28BE7D0C22541D0A00C4DCE9 /* Debug */ = {
			isa = XCBuildConfiguration;
			buildSettings = {
				ALWAYS_SEARCH_USER_PATHS = NO;
				CLANG_ANALYZER_NONNULL = YES;
				CLANG_ANALYZER_NUMBER_OBJECT_CONVERSION = YES_AGGRESSIVE;
				CLANG_CXX_LANGUAGE_STANDARD = "gnu++14";
				CLANG_CXX_LIBRARY = "libc++";
				CLANG_ENABLE_MODULES = YES;
				CLANG_ENABLE_OBJC_ARC = YES;
				CLANG_ENABLE_OBJC_WEAK = YES;
				CLANG_WARN_BLOCK_CAPTURE_AUTORELEASING = YES;
				CLANG_WARN_BOOL_CONVERSION = YES;
				CLANG_WARN_COMMA = YES;
				CLANG_WARN_CONSTANT_CONVERSION = YES;
				CLANG_WARN_DEPRECATED_OBJC_IMPLEMENTATIONS = YES;
				CLANG_WARN_DIRECT_OBJC_ISA_USAGE = YES_ERROR;
				CLANG_WARN_DOCUMENTATION_COMMENTS = YES;
				CLANG_WARN_EMPTY_BODY = YES;
				CLANG_WARN_ENUM_CONVERSION = YES;
				CLANG_WARN_INFINITE_RECURSION = YES;
				CLANG_WARN_INT_CONVERSION = YES;
				CLANG_WARN_NON_LITERAL_NULL_CONVERSION = YES;
				CLANG_WARN_OBJC_IMPLICIT_RETAIN_SELF = YES;
				CLANG_WARN_OBJC_LITERAL_CONVERSION = YES;
				CLANG_WARN_OBJC_ROOT_CLASS = YES_ERROR;
				CLANG_WARN_RANGE_LOOP_ANALYSIS = YES;
				CLANG_WARN_STRICT_PROTOTYPES = YES;
				CLANG_WARN_SUSPICIOUS_MOVE = YES;
				CLANG_WARN_UNGUARDED_AVAILABILITY = YES_AGGRESSIVE;
				CLANG_WARN_UNREACHABLE_CODE = YES;
				CLANG_WARN__DUPLICATE_METHOD_MATCH = YES;
				CODE_SIGN_IDENTITY = "iPhone Developer";
				COPY_PHASE_STRIP = NO;
				DEBUG_INFORMATION_FORMAT = dwarf;
				ENABLE_STRICT_OBJC_MSGSEND = YES;
				ENABLE_TESTABILITY = YES;
				GCC_C_LANGUAGE_STANDARD = gnu11;
				GCC_DYNAMIC_NO_PIC = NO;
				GCC_NO_COMMON_BLOCKS = YES;
				GCC_OPTIMIZATION_LEVEL = 0;
				GCC_PREPROCESSOR_DEFINITIONS = (
					"DEBUG=1",
					"$(inherited)",
				);
				GCC_WARN_64_TO_32_BIT_CONVERSION = YES;
				GCC_WARN_ABOUT_RETURN_TYPE = YES_ERROR;
				GCC_WARN_UNDECLARED_SELECTOR = YES;
				GCC_WARN_UNINITIALIZED_AUTOS = YES_AGGRESSIVE;
				GCC_WARN_UNUSED_FUNCTION = YES;
				GCC_WARN_UNUSED_VARIABLE = YES;
				IPHONEOS_DEPLOYMENT_TARGET = 11.4;
				MTL_ENABLE_DEBUG_INFO = YES;
				ONLY_ACTIVE_ARCH = YES;
				SDKROOT = iphoneos;
				SWIFT_ACTIVE_COMPILATION_CONDITIONS = DEBUG;
				SWIFT_OPTIMIZATION_LEVEL = "-Onone";
			};
			name = Debug;
		};
		28BE7D0D22541D0A00C4DCE9 /* Release */ = {
			isa = XCBuildConfiguration;
			buildSettings = {
				ALWAYS_SEARCH_USER_PATHS = NO;
				CLANG_ANALYZER_NONNULL = YES;
				CLANG_ANALYZER_NUMBER_OBJECT_CONVERSION = YES_AGGRESSIVE;
				CLANG_CXX_LANGUAGE_STANDARD = "gnu++14";
				CLANG_CXX_LIBRARY = "libc++";
				CLANG_ENABLE_MODULES = YES;
				CLANG_ENABLE_OBJC_ARC = YES;
				CLANG_ENABLE_OBJC_WEAK = YES;
				CLANG_WARN_BLOCK_CAPTURE_AUTORELEASING = YES;
				CLANG_WARN_BOOL_CONVERSION = YES;
				CLANG_WARN_COMMA = YES;
				CLANG_WARN_CONSTANT_CONVERSION = YES;
				CLANG_WARN_DEPRECATED_OBJC_IMPLEMENTATIONS = YES;
				CLANG_WARN_DIRECT_OBJC_ISA_USAGE = YES_ERROR;
				CLANG_WARN_DOCUMENTATION_COMMENTS = YES;
				CLANG_WARN_EMPTY_BODY = YES;
				CLANG_WARN_ENUM_CONVERSION = YES;
				CLANG_WARN_INFINITE_RECURSION = YES;
				CLANG_WARN_INT_CONVERSION = YES;
				CLANG_WARN_NON_LITERAL_NULL_CONVERSION = YES;
				CLANG_WARN_OBJC_IMPLICIT_RETAIN_SELF = YES;
				CLANG_WARN_OBJC_LITERAL_CONVERSION = YES;
				CLANG_WARN_OBJC_ROOT_CLASS = YES_ERROR;
				CLANG_WARN_RANGE_LOOP_ANALYSIS = YES;
				CLANG_WARN_STRICT_PROTOTYPES = YES;
				CLANG_WARN_SUSPICIOUS_MOVE = YES;
				CLANG_WARN_UNGUARDED_AVAILABILITY = YES_AGGRESSIVE;
				CLANG_WARN_UNREACHABLE_CODE = YES;
				CLANG_WARN__DUPLICATE_METHOD_MATCH = YES;
				CODE_SIGN_IDENTITY = "iPhone Developer";
				COPY_PHASE_STRIP = NO;
				DEBUG_INFORMATION_FORMAT = "dwarf-with-dsym";
				ENABLE_NS_ASSERTIONS = NO;
				ENABLE_STRICT_OBJC_MSGSEND = YES;
				GCC_C_LANGUAGE_STANDARD = gnu11;
				GCC_NO_COMMON_BLOCKS = YES;
				GCC_WARN_64_TO_32_BIT_CONVERSION = YES;
				GCC_WARN_ABOUT_RETURN_TYPE = YES_ERROR;
				GCC_WARN_UNDECLARED_SELECTOR = YES;
				GCC_WARN_UNINITIALIZED_AUTOS = YES_AGGRESSIVE;
				GCC_WARN_UNUSED_FUNCTION = YES;
				GCC_WARN_UNUSED_VARIABLE = YES;
				IPHONEOS_DEPLOYMENT_TARGET = 11.4;
				MTL_ENABLE_DEBUG_INFO = NO;
				SDKROOT = iphoneos;
				SWIFT_COMPILATION_MODE = wholemodule;
				SWIFT_OPTIMIZATION_LEVEL = "-O";
				VALIDATE_PRODUCT = YES;
			};
			name = Release;
		};
		28BE7D0F22541D0A00C4DCE9 /* Debug */ = {
			isa = XCBuildConfiguration;
			baseConfigurationReference = 1AFB00CEF8CFBA8E2BF62C1C /* Pods-ValetStorage.debug.xcconfig */;
			buildSettings = {
				ASSETCATALOG_COMPILER_APPICON_NAME = AppIcon;
				CODE_SIGN_STYLE = Automatic;
				DEVELOPMENT_TEAM = V786S5U359;
				INFOPLIST_FILE = ValetStorage/Info.plist;
				LD_RUNPATH_SEARCH_PATHS = (
					"$(inherited)",
					"@executable_path/Frameworks",
				);
				PRODUCT_BUNDLE_IDENTIFIER = VuongHenry.ValetStorage;
				PRODUCT_NAME = "$(TARGET_NAME)";
				SWIFT_VERSION = 4.0;
				TARGETED_DEVICE_FAMILY = "1,2";
			};
			name = Debug;
		};
		28BE7D1022541D0A00C4DCE9 /* Release */ = {
			isa = XCBuildConfiguration;
			baseConfigurationReference = D0234B6C97FC805F8628D241 /* Pods-ValetStorage.release.xcconfig */;
			buildSettings = {
				ASSETCATALOG_COMPILER_APPICON_NAME = AppIcon;
				CODE_SIGN_STYLE = Automatic;
				DEVELOPMENT_TEAM = V786S5U359;
				INFOPLIST_FILE = ValetStorage/Info.plist;
				LD_RUNPATH_SEARCH_PATHS = (
					"$(inherited)",
					"@executable_path/Frameworks",
				);
				PRODUCT_BUNDLE_IDENTIFIER = VuongHenry.ValetStorage;
				PRODUCT_NAME = "$(TARGET_NAME)";
				SWIFT_VERSION = 4.0;
				TARGETED_DEVICE_FAMILY = "1,2";
			};
			name = Release;
		};
		28BE7D1222541D0A00C4DCE9 /* Debug */ = {
			isa = XCBuildConfiguration;
			baseConfigurationReference = B340AB26AE987ED4BE7D3F03 /* Pods-ValetStorageTests.debug.xcconfig */;
			buildSettings = {
				ALWAYS_EMBED_SWIFT_STANDARD_LIBRARIES = YES;
				BUNDLE_LOADER = "$(TEST_HOST)";
				CODE_SIGN_STYLE = Automatic;
				INFOPLIST_FILE = ValetStorageTests/Info.plist;
				LD_RUNPATH_SEARCH_PATHS = (
					"$(inherited)",
					"@executable_path/Frameworks",
					"@loader_path/Frameworks",
				);
				PRODUCT_BUNDLE_IDENTIFIER = VuongHenry.ValetStorageTests;
				PRODUCT_NAME = "$(TARGET_NAME)";
				SWIFT_VERSION = 4.0;
				TARGETED_DEVICE_FAMILY = "1,2";
				TEST_HOST = "$(BUILT_PRODUCTS_DIR)/ValetStorage.app/ValetStorage";
			};
			name = Debug;
		};
		28BE7D1322541D0A00C4DCE9 /* Release */ = {
			isa = XCBuildConfiguration;
			baseConfigurationReference = DA5DACB4E3274473639CF454 /* Pods-ValetStorageTests.release.xcconfig */;
			buildSettings = {
				ALWAYS_EMBED_SWIFT_STANDARD_LIBRARIES = YES;
				BUNDLE_LOADER = "$(TEST_HOST)";
				CODE_SIGN_STYLE = Automatic;
				INFOPLIST_FILE = ValetStorageTests/Info.plist;
				LD_RUNPATH_SEARCH_PATHS = (
					"$(inherited)",
					"@executable_path/Frameworks",
					"@loader_path/Frameworks",
				);
				PRODUCT_BUNDLE_IDENTIFIER = VuongHenry.ValetStorageTests;
				PRODUCT_NAME = "$(TARGET_NAME)";
				SWIFT_VERSION = 4.0;
				TARGETED_DEVICE_FAMILY = "1,2";
				TEST_HOST = "$(BUILT_PRODUCTS_DIR)/ValetStorage.app/ValetStorage";
			};
			name = Release;
		};
		28BE7D1522541D0A00C4DCE9 /* Debug */ = {
			isa = XCBuildConfiguration;
			baseConfigurationReference = 077CBA75F6D5602C29A4C003 /* Pods-ValetStorageUITests.debug.xcconfig */;
			buildSettings = {
				ALWAYS_EMBED_SWIFT_STANDARD_LIBRARIES = YES;
				CODE_SIGN_STYLE = Automatic;
				INFOPLIST_FILE = ValetStorageUITests/Info.plist;
				LD_RUNPATH_SEARCH_PATHS = (
					"$(inherited)",
					"@executable_path/Frameworks",
					"@loader_path/Frameworks",
				);
				PRODUCT_BUNDLE_IDENTIFIER = VuongHenry.ValetStorageUITests;
				PRODUCT_NAME = "$(TARGET_NAME)";
				SWIFT_VERSION = 4.0;
				TARGETED_DEVICE_FAMILY = "1,2";
				TEST_TARGET_NAME = ValetStorage;
			};
			name = Debug;
		};
		28BE7D1622541D0A00C4DCE9 /* Release */ = {
			isa = XCBuildConfiguration;
			baseConfigurationReference = CF00A8BBBFDA84E98BF31F77 /* Pods-ValetStorageUITests.release.xcconfig */;
			buildSettings = {
				ALWAYS_EMBED_SWIFT_STANDARD_LIBRARIES = YES;
				CODE_SIGN_STYLE = Automatic;
				INFOPLIST_FILE = ValetStorageUITests/Info.plist;
				LD_RUNPATH_SEARCH_PATHS = (
					"$(inherited)",
					"@executable_path/Frameworks",
					"@loader_path/Frameworks",
				);
				PRODUCT_BUNDLE_IDENTIFIER = VuongHenry.ValetStorageUITests;
				PRODUCT_NAME = "$(TARGET_NAME)";
				SWIFT_VERSION = 4.0;
				TARGETED_DEVICE_FAMILY = "1,2";
				TEST_TARGET_NAME = ValetStorage;
			};
			name = Release;
		};
/* End XCBuildConfiguration section */

/* Begin XCConfigurationList section */
		28BE7CDE22541D0900C4DCE9 /* Build configuration list for PBXProject "ValetStorage" */ = {
			isa = XCConfigurationList;
			buildConfigurations = (
				28BE7D0C22541D0A00C4DCE9 /* Debug */,
				28BE7D0D22541D0A00C4DCE9 /* Release */,
			);
			defaultConfigurationIsVisible = 0;
			defaultConfigurationName = Release;
		};
		28BE7D0E22541D0A00C4DCE9 /* Build configuration list for PBXNativeTarget "ValetStorage" */ = {
			isa = XCConfigurationList;
			buildConfigurations = (
				28BE7D0F22541D0A00C4DCE9 /* Debug */,
				28BE7D1022541D0A00C4DCE9 /* Release */,
			);
			defaultConfigurationIsVisible = 0;
			defaultConfigurationName = Release;
		};
		28BE7D1122541D0A00C4DCE9 /* Build configuration list for PBXNativeTarget "ValetStorageTests" */ = {
			isa = XCConfigurationList;
			buildConfigurations = (
				28BE7D1222541D0A00C4DCE9 /* Debug */,
				28BE7D1322541D0A00C4DCE9 /* Release */,
			);
			defaultConfigurationIsVisible = 0;
			defaultConfigurationName = Release;
		};
		28BE7D1422541D0A00C4DCE9 /* Build configuration list for PBXNativeTarget "ValetStorageUITests" */ = {
			isa = XCConfigurationList;
			buildConfigurations = (
				28BE7D1522541D0A00C4DCE9 /* Debug */,
				28BE7D1622541D0A00C4DCE9 /* Release */,
			);
			defaultConfigurationIsVisible = 0;
			defaultConfigurationName = Release;
		};
/* End XCConfigurationList section */

/* Begin XCVersionGroup section */
		28BE7CED22541D0900C4DCE9 /* ValetStorage.xcdatamodeld */ = {
			isa = XCVersionGroup;
			children = (
				28BE7CEE22541D0900C4DCE9 /* ValetStorage.xcdatamodel */,
			);
			currentVersion = 28BE7CEE22541D0900C4DCE9 /* ValetStorage.xcdatamodel */;
			path = ValetStorage.xcdatamodeld;
			sourceTree = "<group>";
			versionGroupType = wrapper.xcdatamodel;
		};
/* End XCVersionGroup section */
	};
	rootObject = 28BE7CDB22541D0900C4DCE9 /* Project object */;
}
