PODS:
  - Alamofire (4.8.2)
  - SwiftKeychainWrapper (3.2.0)

DEPENDENCIES:
  - Alamofire
  - SwiftKeychainWrapper

SPEC CHECKSUMS:
  Alamofire: ae5c501addb7afdbb13687d7f2f722c78734c2d3
  SwiftKeychainWrapper: 82c4c02cdc36f9a24f7edfcaab3e336401caa1a1

PODFILE CHECKSUM: ab896c60917f0824c8cc06c575822f73c7f00b1e

COCOAPODS: 1.4.0
